
Microsoft Visual Studio Solution File, Format Version 12.00
# Visual Studio Version 17
VisualStudioVersion = 17.14.36414.22 d17.14
MinimumVisualStudioVersion = 10.0.40219.1
Project("{FAE04EC0-301F-11D3-BF4B-00C04F79EFBC}") = "lab2.Tests", "lab2.Tests\lab2.Tests.csproj", "{381B1204-7C98-455C-AF89-5AAE0FD5DBE9}"
EndProject
Global
	GlobalSection(SolutionConfigurationPlatforms) = preSolution
		Debug|Any CPU = Debug|Any CPU
		Release|Any CPU = Release|Any CPU
	EndGlobalSection
	GlobalSection(ProjectConfigurationPlatforms) = postSolution
		{381B1204-7C98-455C-AF89-5AAE0FD5DBE9}.Debug|Any CPU.ActiveCfg = Debug|Any CPU
		{381B1204-7C98-455C-AF89-5AAE0FD5DBE9}.Debug|Any CPU.Build.0 = Debug|Any CPU
		{381B1204-7C98-455C-AF89-5AAE0FD5DBE9}.Release|Any CPU.ActiveCfg = Release|Any CPU
		{381B1204-7C98-455C-AF89-5AAE0FD5DBE9}.Release|Any CPU.Build.0 = Release|Any CPU
	EndGlobalSection
	GlobalSection(SolutionProperties) = preSolution
		HideSolutionNode = FALSE
	EndGlobalSection
	GlobalSection(ExtensibilityGlobals) = postSolution
		SolutionGuid = {716891A1-48E0-467C-A5E2-79C7826A0CA9}
	EndGlobalSection
EndGlobal
